<Solution>
  <Configurations>
    <Platform Name="ARM64" />
    <Platform Name="x64" />
    <Platform Name="x86" />
  </Configurations>
  <Project Path="LidGuardLib.Commons/LidGuardLib.Commons.csproj" />
  <Project Path="LidGuardLib/LidGuardLib.csproj" />
  <Project Path="LidGuard/LidGuard.csproj" />
  <Project Path="LidGuard.Notifications/LidGuard.Notifications.csproj" />
</Solution>

